// !$*UTF8*$!
{
	archiveVersion = 1;
	classes = {
	};
	objectVersion = 50;
	objects = {

/* Begin PBXBuildFile section */
		8E7A4D6C213393D3001D654D /* m2.hpp in Headers */ = {isa = PBXBuildFile; fileRef = 8E7A4D63213393D3001D654D /* m2.hpp */; };
		8E7A4D6E213393D3001D654D /* Pool.hpp in Headers */ = {isa = PBXBuildFile; fileRef = 8E7A4D66213393D3001D654D /* Pool.hpp */; };
		8E7A4D6F213393D3001D654D /* Math.hpp in Headers */ = {isa = PBXBuildFile; fileRef = 8E7A4D67213393D3001D654D /* Math.hpp */; };
		8E7A4D70213393D3001D654D /* Timer.hpp in Headers */ = {isa = PBXBuildFile; fileRef = 8E7A4D68213393D3001D654D /* Timer.hpp */; };
		8E7A4D71213393D3001D654D /* Pool.cpp in Sources */ = {isa = PBXBuildFile; fileRef = 8E7A4D69213393D3001D654D /* Pool.cpp */; };
		8E7A4D72213393D3001D654D /* Common.hpp in Headers */ = {isa = PBXBuildFile; fileRef = 8E7A4D6A213393D3001D654D /* Common.hpp */; };
		8E9E696F2138030A008C727E /* Math.cpp in Sources */ = {isa = PBXBuildFile; fileRef = 8E9E696E2138030A008C727E /* Math.cpp */; };
/* End PBXBuildFile section */

/* Begin PBXFileReference section */
		8E7A4D5B213393B8001D654D /* libm2.dylib */ = {isa = PBXFileReference; explicitFileType = "compiled.mach-o.dylib"; includeInIndex = 0; path = libm2.dylib; sourceTree = BUILT_PRODUCTS_DIR; };
		8E7A4D63213393D3001D654D /* m2.hpp */ = {isa = PBXFileReference; fileEncoding = 4; lastKnownFileType = sourcecode.cpp.h; path = m2.hpp; sourceTree = "<group>"; };
		8E7A4D66213393D3001D654D /* Pool.hpp */ = {isa = PBXFileReference; fileEncoding = 4; lastKnownFileType = sourcecode.cpp.h; path = Pool.hpp; sourceTree = "<group>"; };
		8E7A4D67213393D3001D654D /* Math.hpp */ = {isa = PBXFileReference; fileEncoding = 4; lastKnownFileType = sourcecode.cpp.h; path = Math.hpp; sourceTree = "<group>"; };
		8E7A4D68213393D3001D654D /* Timer.hpp */ = {isa = PBXFileReference; fileEncoding = 4; lastKnownFileType = sourcecode.cpp.h; path = Timer.hpp; sourceTree = "<group>"; };
		8E7A4D69213393D3001D654D /* Pool.cpp */ = {isa = PBXFileReference; fileEncoding = 4; lastKnownFileType = sourcecode.cpp.cpp; path = Pool.cpp; sourceTree = "<group>"; };
		8E7A4D6A213393D3001D654D /* Common.hpp */ = {isa = PBXFileReference; fileEncoding = 4; lastKnownFileType = sourcecode.cpp.h; path = Common.hpp; sourceTree = "<group>"; };
		8E9E696E2138030A008C727E /* Math.cpp */ = {isa = PBXFileReference; lastKnownFileType = sourcecode.cpp.cpp; path = Math.cpp; sourceTree = "<group>"; };
/* End PBXFileReference section */

/* Begin PBXFrameworksBuildPhase section */
		8E7A4D59213393B8001D654D /* Frameworks */ = {
			isa = PBXFrameworksBuildPhase;
			buildActionMask = 2147483647;
			files = (
			);
			runOnlyForDeploymentPostprocessing = 0;
		};
/* End PBXFrameworksBuildPhase section */

/* Begin PBXGroup section */
		8E7A4D52213393B8001D654D = {
			isa = PBXGroup;
			children = (
				8E7A4D62213393D3001D654D /* m2 */,
				8E7A4D5C213393B8001D654D /* Products */,
			);
			sourceTree = "<group>";
		};
		8E7A4D5C213393B8001D654D /* Products */ = {
			isa = PBXGroup;
			children = (
				8E7A4D5B213393B8001D654D /* libm2.dylib */,
			);
			name = Products;
			sourceTree = "<group>";
		};
		8E7A4D62213393D3001D654D /* m2 */ = {
			isa = PBXGroup;
			children = (
				8E7A4D63213393D3001D654D /* m2.hpp */,
				8E7A4D64213393D3001D654D /* m2 */,
			);
			path = m2;
			sourceTree = "<group>";
		};
		8E7A4D64213393D3001D654D /* m2 */ = {
			isa = PBXGroup;
			children = (
				8E7A4D69213393D3001D654D /* Pool.cpp */,
				8E7A4D66213393D3001D654D /* Pool.hpp */,
				8E9E696E2138030A008C727E /* Math.cpp */,
				8E7A4D67213393D3001D654D /* Math.hpp */,
				8E7A4D68213393D3001D654D /* Timer.hpp */,
				8E7A4D6A213393D3001D654D /* Common.hpp */,
			);
			path = m2;
			sourceTree = "<group>";
		};
/* End PBXGroup section */

/* Begin PBXHeadersBuildPhase section */
		8E7A4D57213393B8001D654D /* Headers */ = {
			isa = PBXHeadersBuildPhase;
			buildActionMask = 2147483647;
			files = (
				8E7A4D70213393D3001D654D /* Timer.hpp in Headers */,
				8E7A4D6E213393D3001D654D /* Pool.hpp in Headers */,
				8E7A4D6F213393D3001D654D /* Math.hpp in Headers */,
				8E7A4D72213393D3001D654D /* Common.hpp in Headers */,
				8E7A4D6C213393D3001D654D /* m2.hpp in Headers */,
			);
			runOnlyForDeploymentPostprocessing = 0;
		};
/* End PBXHeadersBuildPhase section */

/* Begin PBXNativeTarget section */
		8E7A4D5A213393B8001D654D /* m2 */ = {
			isa = PBXNativeTarget;
			buildConfigurationList = 8E7A4D5F213393B8001D654D /* Build configuration list for PBXNativeTarget "m2" */;
			buildPhases = (
				8E7A4D57213393B8001D654D /* Headers */,
				8E7A4D58213393B8001D654D /* Sources */,
				8E7A4D59213393B8001D654D /* Frameworks */,
			);
			buildRules = (
			);
			dependencies = (
			);
			name = m2;
			productName = m2;
			productReference = 8E7A4D5B213393B8001D654D /* libm2.dylib */;
			productType = "com.apple.product-type.library.dynamic";
		};
/* End PBXNativeTarget section */

/* Begin PBXProject section */
		8E7A4D53213393B8001D654D /* Project object */ = {
			isa = PBXProject;
			attributes = {
				LastUpgradeCheck = 1000;
				ORGANIZATIONNAME = "Arthur Sun";
				TargetAttributes = {
					8E7A4D5A213393B8001D654D = {
						CreatedOnToolsVersion = 10.0;
					};
				};
			};
			buildConfigurationList = 8E7A4D56213393B8001D654D /* Build configuration list for PBXProject "m2" */;
			compatibilityVersion = "Xcode 9.3";
			developmentRegion = en;
			hasScannedForEncodings = 0;
			knownRegions = (
				en,
			);
			mainGroup = 8E7A4D52213393B8001D654D;
			productRefGroup = 8E7A4D5C213393B8001D654D /* Products */;
			projectDirPath = "";
			projectRoot = "";
			targets = (
				8E7A4D5A213393B8001D654D /* m2 */,
			);
		};
/* End PBXProject section */

/* Begin PBXSourcesBuildPhase section */
		8E7A4D58213393B8001D654D /* Sources */ = {
			isa = PBXSourcesBuildPhase;
			buildActionMask = 2147483647;
			files = (
				8E7A4D71213393D3001D654D /* Pool.cpp in Sources */,
				8E9E696F2138030A008C727E /* Math.cpp in Sources */,
			);
			runOnlyForDeploymentPostprocessing = 0;
		};
/* End PBXSourcesBuildPhase section */

/* Begin XCBuildConfiguration section */
		8E7A4D5D213393B8001D654D /* Debug */ = {
			isa = XCBuildConfiguration;
			buildSettings = {
				ALWAYS_SEARCH_USER_PATHS = NO;
				CLANG_ANALYZER_NONNULL = YES;
				CLANG_ANALYZER_NUMBER_OBJECT_CONVERSION = YES_AGGRESSIVE;
				CLANG_CXX_LANGUAGE_STANDARD = "gnu++14";
				CLANG_CXX_LIBRARY = "libc++";
				CLANG_ENABLE_MODULES = YES;
				CLANG_ENABLE_OBJC_ARC = YES;
				CLANG_ENABLE_OBJC_WEAK = YES;
				CLANG_WARN_BLOCK_CAPTURE_AUTORELEASING = YES;
				CLANG_WARN_BOOL_CONVERSION = YES;
				CLANG_WARN_COMMA = YES;
				CLANG_WARN_CONSTANT_CONVERSION = YES;
				CLANG_WARN_DEPRECATED_OBJC_IMPLEMENTATIONS = YES;
				CLANG_WARN_DIRECT_OBJC_ISA_USAGE = YES_ERROR;
				CLANG_WARN_DOCUMENTATION_COMMENTS = YES;
				CLANG_WARN_EMPTY_BODY = YES;
				CLANG_WARN_ENUM_CONVERSION = YES;
				CLANG_WARN_INFINITE_RECURSION = YES;
				CLANG_WARN_INT_CONVERSION = YES;
				CLANG_WARN_NON_LITERAL_NULL_CONVERSION = YES;
				CLANG_WARN_OBJC_IMPLICIT_RETAIN_SELF = YES;
				CLANG_WARN_OBJC_LITERAL_CONVERSION = YES;
				CLANG_WARN_OBJC_ROOT_CLASS = YES_ERROR;
				CLANG_WARN_RANGE_LOOP_ANALYSIS = YES;
				CLANG_WARN_STRICT_PROTOTYPES = YES;
				CLANG_WARN_SUSPICIOUS_MOVE = YES;
				CLANG_WARN_UNGUARDED_AVAILABILITY = YES_AGGRESSIVE;
				CLANG_WARN_UNREACHABLE_CODE = YES;
				CLANG_WARN__DUPLICATE_METHOD_MATCH = YES;
				CODE_SIGN_IDENTITY = "-";
				COPY_PHASE_STRIP = NO;
				DEBUG_INFORMATION_FORMAT = dwarf;
				ENABLE_STRICT_OBJC_MSGSEND = YES;
				ENABLE_TESTABILITY = YES;
				GCC_C_LANGUAGE_STANDARD = gnu11;
				GCC_DYNAMIC_NO_PIC = NO;
				GCC_NO_COMMON_BLOCKS = YES;
				GCC_OPTIMIZATION_LEVEL = 0;
				GCC_PREPROCESSOR_DEFINITIONS = (
					"DEBUG=1",
					"$(inherited)",
				);
				GCC_WARN_64_TO_32_BIT_CONVERSION = YES;
				GCC_WARN_ABOUT_RETURN_TYPE = YES_ERROR;
				GCC_WARN_UNDECLARED_SELECTOR = YES;
				GCC_WARN_UNINITIALIZED_AUTOS = YES_AGGRESSIVE;
				GCC_WARN_UNUSED_FUNCTION = YES;
				GCC_WARN_UNUSED_VARIABLE = YES;
				MACOSX_DEPLOYMENT_TARGET = 10.13;
				MTL_ENABLE_DEBUG_INFO = INCLUDE_SOURCE;
				ONLY_ACTIVE_ARCH = YES;
				SDKROOT = macosx;
			};
			name = Debug;
		};
		8E7A4D5E213393B8001D654D /* Release */ = {
			isa = XCBuildConfiguration;
			buildSettings = {
				ALWAYS_SEARCH_USER_PATHS = NO;
				CLANG_ANALYZER_NONNULL = YES;
				CLANG_ANALYZER_NUMBER_OBJECT_CONVERSION = YES_AGGRESSIVE;
				CLANG_CXX_LANGUAGE_STANDARD = "gnu++14";
				CLANG_CXX_LIBRARY = "libc++";
				CLANG_ENABLE_MODULES = YES;
				CLANG_ENABLE_OBJC_ARC = YES;
				CLANG_ENABLE_OBJC_WEAK = YES;
				CLANG_WARN_BLOCK_CAPTURE_AUTORELEASING = YES;
				CLANG_WARN_BOOL_CONVERSION = YES;
				CLANG_WARN_COMMA = YES;
				CLANG_WARN_CONSTANT_CONVERSION = YES;
				CLANG_WARN_DEPRECATED_OBJC_IMPLEMENTATIONS = YES;
				CLANG_WARN_DIRECT_OBJC_ISA_USAGE = YES_ERROR;
				CLANG_WARN_DOCUMENTATION_COMMENTS = YES;
				CLANG_WARN_EMPTY_BODY = YES;
				CLANG_WARN_ENUM_CONVERSION = YES;
				CLANG_WARN_INFINITE_RECURSION = YES;
				CLANG_WARN_INT_CONVERSION = YES;
				CLANG_WARN_NON_LITERAL_NULL_CONVERSION = YES;
				CLANG_WARN_OBJC_IMPLICIT_RETAIN_SELF = YES;
				CLANG_WARN_OBJC_LITERAL_CONVERSION = YES;
				CLANG_WARN_OBJC_ROOT_CLASS = YES_ERROR;
				CLANG_WARN_RANGE_LOOP_ANALYSIS = YES;
				CLANG_WARN_STRICT_PROTOTYPES = YES;
				CLANG_WARN_SUSPICIOUS_MOVE = YES;
				CLANG_WARN_UNGUARDED_AVAILABILITY = YES_AGGRESSIVE;
				CLANG_WARN_UNREACHABLE_CODE = YES;
				CLANG_WARN__DUPLICATE_METHOD_MATCH = YES;
				CODE_SIGN_IDENTITY = "-";
				COPY_PHASE_STRIP = NO;
				DEBUG_INFORMATION_FORMAT = "dwarf-with-dsym";
				ENABLE_NS_ASSERTIONS = NO;
				ENABLE_STRICT_OBJC_MSGSEND = YES;
				GCC_C_LANGUAGE_STANDARD = gnu11;
				GCC_NO_COMMON_BLOCKS = YES;
				GCC_WARN_64_TO_32_BIT_CONVERSION = YES;
				GCC_WARN_ABOUT_RETURN_TYPE = YES_ERROR;
				GCC_WARN_UNDECLARED_SELECTOR = YES;
				GCC_WARN_UNINITIALIZED_AUTOS = YES_AGGRESSIVE;
				GCC_WARN_UNUSED_FUNCTION = YES;
				GCC_WARN_UNUSED_VARIABLE = YES;
				MACOSX_DEPLOYMENT_TARGET = 10.13;
				MTL_ENABLE_DEBUG_INFO = NO;
				SDKROOT = macosx;
			};
			name = Release;
		};
		8E7A4D60213393B8001D654D /* Debug */ = {
			isa = XCBuildConfiguration;
			buildSettings = {
				CODE_SIGN_STYLE = Automatic;
				DYLIB_COMPATIBILITY_VERSION = 1;
				DYLIB_CURRENT_VERSION = 1;
				EXECUTABLE_PREFIX = lib;
				PRODUCT_NAME = "$(TARGET_NAME)";
				SKIP_INSTALL = YES;
			};
			name = Debug;
		};
		8E7A4D61213393B8001D654D /* Release */ = {
			isa = XCBuildConfiguration;
			buildSettings = {
				CODE_SIGN_STYLE = Automatic;
				DYLIB_COMPATIBILITY_VERSION = 1;
				DYLIB_CURRENT_VERSION = 1;
				EXECUTABLE_PREFIX = lib;
				PRODUCT_NAME = "$(TARGET_NAME)";
				SKIP_INSTALL = YES;
			};
			name = Release;
		};
/* End XCBuildConfiguration section */

/* Begin XCConfigurationList section */
		8E7A4D56213393B8001D654D /* Build configuration list for PBXProject "m2" */ = {
			isa = XCConfigurationList;
			buildConfigurations = (
				8E7A4D5D213393B8001D654D /* Debug */,
				8E7A4D5E213393B8001D654D /* Release */,
			);
			defaultConfigurationIsVisible = 0;
			defaultConfigurationName = Release;
		};
		8E7A4D5F213393B8001D654D /* Build configuration list for PBXNativeTarget "m2" */ = {
			isa = XCConfigurationList;
			buildConfigurations = (
				8E7A4D60213393B8001D654D /* Debug */,
				8E7A4D61213393B8001D654D /* Release */,
			);
			defaultConfigurationIsVisible = 0;
			defaultConfigurationName = Release;
		};
/* End XCConfigurationList section */
	};
	rootObject = 8E7A4D53213393B8001D654D /* Project object */;
}
